{
  "name": "@xenonbyte/req-2-plan",
  "version": "0.7.7",
  "lockfileVersion": 3,
  "requires": true,
  "packages": {
    "": {
      "name": "@xenonbyte/req-2-plan",
      "version": "0.7.7",
      "license": "MIT",
      "bin": {
        "r2p": "bin/r2p.js"
      },
      "engines": {
        "node": ">=18"
      }
    }
  }
}
