{
  "name": "@xenonbyte/req-2-plan",
  "version": "0.7.0",
  "lockfileVersion": 3,
  "requires": true,
  "packages": {
    "": {
      "name": "@xenonbyte/req-2-plan",
      "version": "0.7.0",
      "license": "MIT",
      "dependencies": {
        "@xenonbyte/req-2-plan": "^0.7.0"
      },
      "bin": {
        "r2p": "bin/r2p.js"
      },
      "engines": {
        "node": ">=18"
      }
    },
    "node_modules/@xenonbyte/req-2-plan": {
      "version": "0.7.0",
      "resolved": "https://registry.npmjs.org/@xenonbyte/req-2-plan/-/req-2-plan-0.7.0.tgz",
      "integrity": "sha512-4mWOPPOg7WRe/C/vsb2kI79Ew8MOjDBzCFxgZQrezD5xw7aQKoCGl1gkO8awp+LmdkjgAkYhLAMBUs1fXlnqIg==",
      "license": "MIT",
      "bin": {
        "r2p": "bin/r2p.js"
      },
      "engines": {
        "node": ">=18"
      }
    }
  }
}
